{
  "requires": true,
  "lockfileVersion": 1,
  "dependencies": {
    "hexo-asset-link": {
      "version": "2.2.1",
      "resolved": "https://registry.npmjs.org/hexo-asset-link/-/hexo-asset-link-2.2.1.tgz",
      "integrity": "sha512-YQxqkX+fUmzAjgbiExr1paMtfBuWuMTzhUTma+eruIybdvi9mL90Hz0sYEI8dfTl1JoJbl9Jjp5hrC5/saZwUw=="
    }
  }
}
